
Microsoft Visual Studio Solution File, Format Version 12.00
# Visual Studio Version 17
VisualStudioVersion = 17.9.34321.82
MinimumVisualStudioVersion = 10.0.40219.1
Project("{FAE04EC0-301F-11D3-BF4B-00C04F79EFBC}") = "BulkyWeb", "BulkyWeb\BulkyWeb.csproj", "{AB25D834-A960-4F2C-8603-7E2B603E57BE}"
EndProject
Global
	GlobalSection(SolutionConfigurationPlatforms) = preSolution
		Debug|Any CPU = Debug|Any CPU
		Release|Any CPU = Release|Any CPU
	EndGlobalSection
	GlobalSection(ProjectConfigurationPlatforms) = postSolution
		{AB25D834-A960-4F2C-8603-7E2B603E57BE}.Debug|Any CPU.ActiveCfg = Debug|Any CPU
		{AB25D834-A960-4F2C-8603-7E2B603E57BE}.Debug|Any CPU.Build.0 = Debug|Any CPU
		{AB25D834-A960-4F2C-8603-7E2B603E57BE}.Release|Any CPU.ActiveCfg = Release|Any CPU
		{AB25D834-A960-4F2C-8603-7E2B603E57BE}.Release|Any CPU.Build.0 = Release|Any CPU
	EndGlobalSection
	GlobalSection(SolutionProperties) = preSolution
		HideSolutionNode = FALSE
	EndGlobalSection
	GlobalSection(ExtensibilityGlobals) = postSolution
		SolutionGuid = {45DFF160-C6CF-4833-8A55-82FA5609BAE5}
	EndGlobalSection
EndGlobal
